
Microsoft Visual Studio Solution File, Format Version 12.00
# Visual Studio 15
VisualStudioVersion = 15.0.27130.2003
MinimumVisualStudioVersion = 10.0.40219.1
Project("{2150E333-8FDC-42A3-9474-1A3956D46DE8}") = "1-Data-Access-Layer", "1-Data-Access-Layer", "{C5D541F1-AB93-447D-8582-7C4A532A392D}"
EndProject
Project("{2150E333-8FDC-42A3-9474-1A3956D46DE8}") = "2-Business-Access-Layer", "2-Business-Access-Layer", "{188F5816-F95D-451C-85C1-33476F5DB058}"
EndProject
Project("{2150E333-8FDC-42A3-9474-1A3956D46DE8}") = "3-Presentation-Access-Layer", "3-Presentation-Access-Layer", "{92B877E6-D1AC-4A7E-8C61-06D06BA6CE96}"
EndProject
Project("{FAE04EC0-301F-11D3-BF4B-00C04F79EFBC}") = "Socio.Data", "Socio.Data\Socio.Data.csproj", "{A1CEEB6D-2710-4779-A29A-3535184C52E8}"
EndProject
Project("{FAE04EC0-301F-11D3-BF4B-00C04F79EFBC}") = "Socio.Business", "Socio.Business\Socio.Business.csproj", "{DE93893C-7E91-4F8D-8554-B6FE71844D62}"
EndProject
Project("{FAE04EC0-301F-11D3-BF4B-00C04F79EFBC}") = "Socio", "Socio\Socio.csproj", "{DBFFAAAC-6E19-46D9-97A9-0D88A12816B3}"
EndProject
Project("{FAE04EC0-301F-11D3-BF4B-00C04F79EFBC}") = "Socio.DataNew", "Socio.DataNew\Socio.DataNew.csproj", "{90E1BF71-4F57-4ED4-98F8-560C6546EE9C}"
EndProject
Project("{FAE04EC0-301F-11D3-BF4B-00C04F79EFBC}") = "Socio.BusinessNew", "Socio.BusinessNew\Socio.BusinessNew.csproj", "{0ED7B422-1312-4501-95C6-B43A7697D343}"
EndProject
Project("{888888A0-9F3D-457C-B088-3A5042F75D52}") = "SocioPython", "SocioPython\SocioPython.pyproj", "{021BE726-FAEF-4F12-9199-C45332D66318}"
EndProject
Global
	GlobalSection(SolutionConfigurationPlatforms) = preSolution
		Debug|Any CPU = Debug|Any CPU
		Release|Any CPU = Release|Any CPU
	EndGlobalSection
	GlobalSection(ProjectConfigurationPlatforms) = postSolution
		{A1CEEB6D-2710-4779-A29A-3535184C52E8}.Debug|Any CPU.ActiveCfg = Debug|Any CPU
		{A1CEEB6D-2710-4779-A29A-3535184C52E8}.Debug|Any CPU.Build.0 = Debug|Any CPU
		{A1CEEB6D-2710-4779-A29A-3535184C52E8}.Release|Any CPU.ActiveCfg = Release|Any CPU
		{A1CEEB6D-2710-4779-A29A-3535184C52E8}.Release|Any CPU.Build.0 = Release|Any CPU
		{DE93893C-7E91-4F8D-8554-B6FE71844D62}.Debug|Any CPU.ActiveCfg = Debug|Any CPU
		{DE93893C-7E91-4F8D-8554-B6FE71844D62}.Debug|Any CPU.Build.0 = Debug|Any CPU
		{DE93893C-7E91-4F8D-8554-B6FE71844D62}.Release|Any CPU.ActiveCfg = Release|Any CPU
		{DE93893C-7E91-4F8D-8554-B6FE71844D62}.Release|Any CPU.Build.0 = Release|Any CPU
		{DBFFAAAC-6E19-46D9-97A9-0D88A12816B3}.Debug|Any CPU.ActiveCfg = Debug|Any CPU
		{DBFFAAAC-6E19-46D9-97A9-0D88A12816B3}.Debug|Any CPU.Build.0 = Debug|Any CPU
		{DBFFAAAC-6E19-46D9-97A9-0D88A12816B3}.Release|Any CPU.ActiveCfg = Release|Any CPU
		{DBFFAAAC-6E19-46D9-97A9-0D88A12816B3}.Release|Any CPU.Build.0 = Release|Any CPU
		{90E1BF71-4F57-4ED4-98F8-560C6546EE9C}.Debug|Any CPU.ActiveCfg = Debug|Any CPU
		{90E1BF71-4F57-4ED4-98F8-560C6546EE9C}.Debug|Any CPU.Build.0 = Debug|Any CPU
		{90E1BF71-4F57-4ED4-98F8-560C6546EE9C}.Release|Any CPU.ActiveCfg = Release|Any CPU
		{90E1BF71-4F57-4ED4-98F8-560C6546EE9C}.Release|Any CPU.Build.0 = Release|Any CPU
		{0ED7B422-1312-4501-95C6-B43A7697D343}.Debug|Any CPU.ActiveCfg = Debug|Any CPU
		{0ED7B422-1312-4501-95C6-B43A7697D343}.Debug|Any CPU.Build.0 = Debug|Any CPU
		{0ED7B422-1312-4501-95C6-B43A7697D343}.Release|Any CPU.ActiveCfg = Release|Any CPU
		{0ED7B422-1312-4501-95C6-B43A7697D343}.Release|Any CPU.Build.0 = Release|Any CPU
		{021BE726-FAEF-4F12-9199-C45332D66318}.Debug|Any CPU.ActiveCfg = Debug|Any CPU
		{021BE726-FAEF-4F12-9199-C45332D66318}.Debug|Any CPU.Build.0 = Debug|Any CPU
		{021BE726-FAEF-4F12-9199-C45332D66318}.Release|Any CPU.ActiveCfg = Release|Any CPU
		{021BE726-FAEF-4F12-9199-C45332D66318}.Release|Any CPU.Build.0 = Release|Any CPU
	EndGlobalSection
	GlobalSection(SolutionProperties) = preSolution
		HideSolutionNode = FALSE
	EndGlobalSection
	GlobalSection(NestedProjects) = preSolution
		{A1CEEB6D-2710-4779-A29A-3535184C52E8} = {C5D541F1-AB93-447D-8582-7C4A532A392D}
		{DE93893C-7E91-4F8D-8554-B6FE71844D62} = {188F5816-F95D-451C-85C1-33476F5DB058}
		{DBFFAAAC-6E19-46D9-97A9-0D88A12816B3} = {92B877E6-D1AC-4A7E-8C61-06D06BA6CE96}
		{90E1BF71-4F57-4ED4-98F8-560C6546EE9C} = {C5D541F1-AB93-447D-8582-7C4A532A392D}
		{0ED7B422-1312-4501-95C6-B43A7697D343} = {188F5816-F95D-451C-85C1-33476F5DB058}
		{021BE726-FAEF-4F12-9199-C45332D66318} = {92B877E6-D1AC-4A7E-8C61-06D06BA6CE96}
	EndGlobalSection
	GlobalSection(ExtensibilityGlobals) = postSolution
		SolutionGuid = {9E86179C-57A3-48BF-B8AF-FB2612979EE4}
	EndGlobalSection
EndGlobal
